lockfileVersion: 5.4

specifiers:
  '@swc/core': ^1.3.87
  rollup: ^3.29.2
  rollup-plugin-swc3: ^0.10.1
  typescript: ^5.2.2

dependencies:
  '@swc/core': 1.3.87
  rollup: 3.29.2
  rollup-plugin-swc3: 0.10.1_2tca3msvfpzyjyfncoyrtjjmay
  typescript: 5.2.2

packages:

  /@fastify/deepmerge/1.3.0:
    resolution: {integrity: sha512-J8TOSBq3SoZbDhM9+R/u77hP93gz/rajSA+K2kGyijPpORPWUXHUpTaleoj+92As0S9uPRP7Oi8IqMf0u+ro6A==}
    dev: false

  /@napi-rs/magic-string-android-arm-eabi/0.3.4:
    resolution: {integrity: sha512-sszAYxqtzzJ4FDerDNHcqL9NhqPhj8W4DNiOanXYy50mA5oojlRtaAFPiB5ZMrWDBM32v5Q30LrmxQ4eTtu2Dg==}
    engines: {node: '>= 10'}
    cpu: [arm]
    os: [android]
    requiresBuild: true
    dev: false
    optional: true

  /@napi-rs/magic-string-android-arm64/0.3.4:
    resolution: {integrity: sha512-jdQ6HuO0X5rkX4MauTcWR4HWdgjakTOmmzqXg8L26+jOHVVG1LZE+Su5qvV4bP8vMb2h+vPE+JsnwqSmWymu3Q==}
    engines: {node: '>= 10'}
    cpu: [arm64]
    os: [android]
    requiresBuild: true
    dev: false
    optional: true

  /@napi-rs/magic-string-darwin-arm64/0.3.4:
    resolution: {integrity: sha512-6NmMtvURce9/oq09XBZmuIeI6lPLGtEJ2ZPO/QzL3nLZa6wygiCnO/sFACKYNg5/73ET5HMMTeuogE1JI+r2Lw==}
    engines: {node: '>= 10'}
    cpu: [arm64]
    os: [darwin]
    requiresBuild: true
    dev: false
    optional: true

  /@napi-rs/magic-string-darwin-x64/0.3.4:
    resolution: {integrity: sha512-f9LmfMiUAKDOtl0meOuLYeVb6OERrgGzrTg1Tn3R3fTAShM2kxRbfAuPE9ljuXxIFzOv/uqRNLSl/LqCJwpREA==}
    engines: {node: '>= 10'}
    cpu: [x64]
    os: [darwin]
    requiresBuild: true
    dev: false
    optional: true

  /@napi-rs/magic-string-freebsd-x64/0.3.4:
    resolution: {integrity: sha512-rqduQ4odiDK4QdM45xHWRTU4wtFIfpp8g8QGpz+3qqg7ivldDqbbNOrBaf6Oeu77uuEvWggnkyuChotfKgJdJQ==}
    engines: {node: '>= 10'}
    cpu: [x64]
    os: [freebsd]
    requiresBuild: true
    dev: false
    optional: true

  /@napi-rs/magic-string-linux-arm-gnueabihf/0.3.4:
    resolution: {integrity: sha512-pVaJEdEpiPqIfq3M4+yMAATS7Z9muDcWYn8H7GFH1ygh8GwgLgKfy/n/lG2M6zp18Mwd0x7E2E/qg9GgCyUzoQ==}
    engines: {node: '>= 10'}
    cpu: [arm]
    os: [linux]
    requiresBuild: true
    dev: false
    optional: true

  /@napi-rs/magic-string-linux-arm64-gnu/0.3.4:
    resolution: {integrity: sha512-9FwoAih/0tzEZx0BjYYIxWkSRMjonIn91RFM3q3MBs/evmThXUYXUqLNa1PPIkK1JoksswtDi48qWWLt8nGflQ==}
    engines: {node: '>= 10'}
    cpu: [arm64]
    os: [linux]
    requiresBuild: true
    dev: false
    optional: true

  /@napi-rs/magic-string-linux-arm64-musl/0.3.4:
    resolution: {integrity: sha512-wCR7R+WPOcAKmVQc1s6h6HwfwW1vL9pM8BjUY9Ljkdb8wt1LmZEmV2Sgfc1SfbRQzbyl+pKeufP6adRRQVzYDA==}
    engines: {node: '>= 10'}
    cpu: [arm64]
    os: [linux]
    requiresBuild: true
    dev: false
    optional: true

  /@napi-rs/magic-string-linux-x64-gnu/0.3.4:
    resolution: {integrity: sha512-sbxFDpYnt5WFbxQ1xozwOvh5A7IftqSI0WnE9O7KsQIOi0ej2dvFbfOW4tmFkvH/YP8KJELo5AhP2+kEq1DpYA==}
    engines: {node: '>= 10'}
    cpu: [x64]
    os: [linux]
    requiresBuild: true
    dev: false
    optional: true

  /@napi-rs/magic-string-linux-x64-musl/0.3.4:
    resolution: {integrity: sha512-jN4h/7e2Ul8v3UK5IZu38NXLMdzVWhY4uEDlnwuUAhwRh26wBQ1/pLD97Uy/Z3dFNBQPcsv60XS9fOM1YDNT6w==}
    engines: {node: '>= 10'}
    cpu: [x64]
    os: [linux]
    requiresBuild: true
    dev: false
    optional: true

  /@napi-rs/magic-string-win32-arm64-msvc/0.3.4:
    resolution: {integrity: sha512-gMUyTRHLWpzX2ntJFCbW2Gnla9Y/WUmbkZuW5SBAo/Jo8QojHn76Y4PNgnoXdzcsV9b/45RBxurYKAfFg9WTyg==}
    engines: {node: '>= 10'}
    cpu: [arm64]
    os: [win32]
    requiresBuild: true
    dev: false
    optional: true

  /@napi-rs/magic-string-win32-ia32-msvc/0.3.4:
    resolution: {integrity: sha512-QIMauMOvEHgL00K9np/c9CT/CRtLOz3mRTQqcZ9XGzSoAMrpxH71KSpDJrKl7h7Ro6TZ+hJ0C3T+JVuTCZNv4A==}
    engines: {node: '>= 10'}
    cpu: [ia32]
    os: [win32]
    requiresBuild: true
    dev: false
    optional: true

  /@napi-rs/magic-string-win32-x64-msvc/0.3.4:
    resolution: {integrity: sha512-V8FMSf828MzOI3P6/765MR7zHU6CUZqiyPhmAnwYoKFNxfv7oCviN/G6NcENeCdcYOvNgh5fYzaNLB96ndId5A==}
    engines: {node: '>= 10'}
    cpu: [x64]
    os: [win32]
    requiresBuild: true
    dev: false
    optional: true

  /@napi-rs/magic-string/0.3.4:
    resolution: {integrity: sha512-DEWl/B99RQsyMT3F9bvrXuhL01/eIQp/dtNSE3G1jQ4mTGRcP4iHWxoPZ577WrbjUinrNgvRA5+08g8fkPgimQ==}
    engines: {node: '>= 10'}
    optionalDependencies:
      '@napi-rs/magic-string-android-arm-eabi': 0.3.4
      '@napi-rs/magic-string-android-arm64': 0.3.4
      '@napi-rs/magic-string-darwin-arm64': 0.3.4
      '@napi-rs/magic-string-darwin-x64': 0.3.4
      '@napi-rs/magic-string-freebsd-x64': 0.3.4
      '@napi-rs/magic-string-linux-arm-gnueabihf': 0.3.4
      '@napi-rs/magic-string-linux-arm64-gnu': 0.3.4
      '@napi-rs/magic-string-linux-arm64-musl': 0.3.4
      '@napi-rs/magic-string-linux-x64-gnu': 0.3.4
      '@napi-rs/magic-string-linux-x64-musl': 0.3.4
      '@napi-rs/magic-string-win32-arm64-msvc': 0.3.4
      '@napi-rs/magic-string-win32-ia32-msvc': 0.3.4
      '@napi-rs/magic-string-win32-x64-msvc': 0.3.4
    dev: false

  /@rollup/pluginutils/4.2.1:
    resolution: {integrity: sha512-iKnFXr7NkdZAIHiIWE+BX5ULi/ucVFYWD6TbAV+rZctiRTY2PL6tsIKhoIOaoskiWAkgu+VsbXgUVDNLHf+InQ==}
    engines: {node: '>= 8.0.0'}
    dependencies:
      estree-walker: 2.0.2
      picomatch: 2.3.1
    dev: false

  /@swc/core-darwin-arm64/1.3.87:
    resolution: {integrity: sha512-/LxLjPat1LA9CXS7Cn2M4MIqwNOoDF4KjcikPkO08H54rd6WubhaJnr0sLDjms3adRr+pmcCL0yfsUBTX//85A==}
    engines: {node: '>=10'}
    cpu: [arm64]
    os: [darwin]
    requiresBuild: true
    dev: false
    optional: true

  /@swc/core-darwin-x64/1.3.87:
    resolution: {integrity: sha512-hjSQNcW9BN8gEz3UQZ7Ye80ymbkFHLkUDeEek4lorRyq6S+uxvbL1f1mJAZnFPBpove7AXusykIalWMPvyOR2A==}
    engines: {node: '>=10'}
    cpu: [x64]
    os: [darwin]
    requiresBuild: true
    dev: false
    optional: true

  /@swc/core-linux-arm-gnueabihf/1.3.87:
    resolution: {integrity: sha512-JVyNIO3tGLPSQ59rJXeKaykTpPhRNozB+7PtYMvMcxpUbYGpEzWxTPkFAX2KKPvl0ejBdA0GW5OXeuPMvTwE0w==}
    engines: {node: '>=10'}
    cpu: [arm]
    os: [linux]
    requiresBuild: true
    dev: false
    optional: true

  /@swc/core-linux-arm64-gnu/1.3.87:
    resolution: {integrity: sha512-gLdZKIoql5vjrNjrwwsiS7d3vOAIzYUWqN97iGCSscQOg0MgYbfUnSTO4UEvH4BYlwRNlHepfTZ7ALoG8areUQ==}
    engines: {node: '>=10'}
    cpu: [arm64]
    os: [linux]
    requiresBuild: true
    dev: false
    optional: true

  /@swc/core-linux-arm64-musl/1.3.87:
    resolution: {integrity: sha512-WQ5tirVBiU8lUODQ25dt8JRCZHyRDInBe4fkGuxzImMa017zYPWa2WxrKK8LdDF7DzrAITlGl9VeoeE/l0WJbw==}
    engines: {node: '>=10'}
    cpu: [arm64]
    os: [linux]
    requiresBuild: true
    dev: false
    optional: true

  /@swc/core-linux-x64-gnu/1.3.87:
    resolution: {integrity: sha512-/vQSH7ZKOuT1It9GzpJ9UFnsOP/dQr1VLUrKQFBlHp9owIWNb2oUrZdNla+KhljCIIahh0JfQ08sycKeycCNzQ==}
    engines: {node: '>=10'}
    cpu: [x64]
    os: [linux]
    requiresBuild: true
    dev: false
    optional: true

  /@swc/core-linux-x64-musl/1.3.87:
    resolution: {integrity: sha512-C1NUeISJDyMlIk4919bjcpHvjyjzbkjW7v53gUdN41Y4BPlEk7UKcLez7UHMjdMGA/o9721SLqYVp4/NrQErUw==}
    engines: {node: '>=10'}
    cpu: [x64]
    os: [linux]
    requiresBuild: true
    dev: false
    optional: true

  /@swc/core-win32-arm64-msvc/1.3.87:
    resolution: {integrity: sha512-AE7JKDJ0OsV9LsYGFfYKMTkGNfsy1au4RT5jT1rxr5MTOsmMD7P2mgiRF8drgc1WX3uOJbTHQfgdVTYroAGfdA==}
    engines: {node: '>=10'}
    cpu: [arm64]
    os: [win32]
    requiresBuild: true
    dev: false
    optional: true

  /@swc/core-win32-ia32-msvc/1.3.87:
    resolution: {integrity: sha512-2V+5uvisaTPXd5lvTujNLNlEC2LPo07gEUQVGdKGsbhtLAYAggVXBnHjxU1TkuyA6NlciMS59tPKW+L2u2KpTw==}
    engines: {node: '>=10'}
    cpu: [ia32]
    os: [win32]
    requiresBuild: true
    dev: false
    optional: true

  /@swc/core-win32-x64-msvc/1.3.87:
    resolution: {integrity: sha512-2Xak7TidlRuNQamLZC3fEOdUCmMiBzD2BW8+Dnn29f4odzamgAFfeYJ/PnqN7jdTWOINLn95tex4JBm3Pm11HQ==}
    engines: {node: '>=10'}
    cpu: [x64]
    os: [win32]
    requiresBuild: true
    dev: false
    optional: true

  /@swc/core/1.3.87:
    resolution: {integrity: sha512-u33Mi/EBvb+g/xpYKyxODB5XvKYqISmy81J+lhFS/Oahja0PbJWZdKEGwSQEFvBecp6E+PfaTOLPOoF1EWcRrw==}
    engines: {node: '>=10'}
    requiresBuild: true
    peerDependencies:
      '@swc/helpers': ^0.5.0
    peerDependenciesMeta:
      '@swc/helpers':
        optional: true
    dependencies:
      '@swc/types': 0.1.5
    optionalDependencies:
      '@swc/core-darwin-arm64': 1.3.87
      '@swc/core-darwin-x64': 1.3.87
      '@swc/core-linux-arm-gnueabihf': 1.3.87
      '@swc/core-linux-arm64-gnu': 1.3.87
      '@swc/core-linux-arm64-musl': 1.3.87
      '@swc/core-linux-x64-gnu': 1.3.87
      '@swc/core-linux-x64-musl': 1.3.87
      '@swc/core-win32-arm64-msvc': 1.3.87
      '@swc/core-win32-ia32-msvc': 1.3.87
      '@swc/core-win32-x64-msvc': 1.3.87
    dev: false

  /@swc/types/0.1.5:
    resolution: {integrity: sha512-myfUej5naTBWnqOCc/MdVOLVjXUXtIA+NpDrDBKJtLLg2shUjBu3cZmB/85RyitKc55+lUUyl7oRfLOvkr2hsw==}
    dev: false

  /estree-walker/2.0.2:
    resolution: {integrity: sha512-Rfkk/Mp/DL7JVje3u18FxFujQlTNR2q6QfMSMB7AvCBx91NGj/ba3kCfza0f6dVDbw7YlRf/nDrn7pQrCCyQ/w==}
    dev: false

  /fsevents/2.3.3:
    resolution: {integrity: sha512-5xoDfX+fL7faATnagmWPpbFtwh/R77WmMMqqHGS65C3vvB0YHrgF+B1YmZ3441tMj5n63k0212XNoJwzlhffQw==}
    engines: {node: ^8.16.0 || ^10.6.0 || >=11.0.0}
    os: [darwin]
    requiresBuild: true
    dev: false
    optional: true

  /get-tsconfig/4.7.2:
    resolution: {integrity: sha512-wuMsz4leaj5hbGgg4IvDU0bqJagpftG5l5cXIAvo8uZrqn0NJqwtfupTN00VnkQJPcIRrxYrm1Ue24btpCha2A==}
    dependencies:
      resolve-pkg-maps: 1.0.0
    dev: false

  /picomatch/2.3.1:
    resolution: {integrity: sha512-JU3teHTNjmE2VCGFzuY8EXzCDVwEqB2a8fsIvwaStHhAWJEeVd1o1QD80CU6+ZdEXXSLbSsuLwJjkCBWqRQUVA==}
    engines: {node: '>=8.6'}
    dev: false

  /resolve-pkg-maps/1.0.0:
    resolution: {integrity: sha512-seS2Tj26TBVOC2NIc2rOe2y2ZO7efxITtLZcGSOnHHNOQ7CkiUBfw0Iw2ck6xkIhPwLhKNLS8BO+hEpngQlqzw==}
    dev: false

  /rollup-plugin-swc3/0.10.1_2tca3msvfpzyjyfncoyrtjjmay:
    resolution: {integrity: sha512-cRjkK5CqqOO1GTPPcdxPqczR5YNibxKyO7OY1tWbHzEhd/VDlnc30WROdnvz6wc13dJg3HO8xGUfjIvyZTx+Gg==}
    engines: {node: '>=12'}
    peerDependencies:
      '@swc/core': '>=1.2.165'
      rollup: ^2.0.0 || ^3.0.0
    dependencies:
      '@fastify/deepmerge': 1.3.0
      '@rollup/pluginutils': 4.2.1
      '@swc/core': 1.3.87
      get-tsconfig: 4.7.2
      rollup: 3.29.2
      rollup-swc-preserve-directives: 0.3.2_2tca3msvfpzyjyfncoyrtjjmay
    dev: false

  /rollup-swc-preserve-directives/0.3.2_2tca3msvfpzyjyfncoyrtjjmay:
    resolution: {integrity: sha512-W0zljPCOMFErWUweRvnN9LCNrII2KzjAw9iZUNM1kZdf3rwQGQQiaCPnH4ugu3UIj1b+zEJKee20S8Ozgwh8Wg==}
    peerDependencies:
      '@swc/core': '>=1.2.165'
      rollup: ^2.0.0 || ^3.0.0
    dependencies:
      '@napi-rs/magic-string': 0.3.4
      '@swc/core': 1.3.87
      rollup: 3.29.2
    dev: false

  /rollup/3.29.2:
    resolution: {integrity: sha512-CJouHoZ27v6siztc21eEQGo0kIcE5D1gVPA571ez0mMYb25LGYGKnVNXpEj5MGlepmDWGXNjDB5q7uNiPHC11A==}
    engines: {node: '>=14.18.0', npm: '>=8.0.0'}
    hasBin: true
    optionalDependencies:
      fsevents: 2.3.3
    dev: false

  /typescript/5.2.2:
    resolution: {integrity: sha512-mI4WrpHsbCIcwT9cF4FZvr80QUeKvsUsUvKDoR+X/7XHQH98xYD8YHZg7ANtz2GtZt/CBq2QJ0thkGJMHfqc1w==}
    engines: {node: '>=14.17'}
    hasBin: true
    dev: false
